
Microsoft Visual Studio Solution File, Format Version 12.00
# Visual Studio Version 17
VisualStudioVersion = 17.2.32616.157
MinimumVisualStudioVersion = 10.0.40219.1
Project("{FAE04EC0-301F-11D3-BF4B-00C04F79EFBC}") = "CalculadoraWeb", "CalculadoraWeb\CalculadoraWeb.csproj", "{BEC135B2-A9D2-4542-A548-27215BAAB789}"
EndProject
Global
	GlobalSection(SolutionConfigurationPlatforms) = preSolution
		Debug|Any CPU = Debug|Any CPU
		Release|Any CPU = Release|Any CPU
	EndGlobalSection
	GlobalSection(ProjectConfigurationPlatforms) = postSolution
		{BEC135B2-A9D2-4542-A548-27215BAAB789}.Debug|Any CPU.ActiveCfg = Debug|Any CPU
		{BEC135B2-A9D2-4542-A548-27215BAAB789}.Debug|Any CPU.Build.0 = Debug|Any CPU
		{BEC135B2-A9D2-4542-A548-27215BAAB789}.Release|Any CPU.ActiveCfg = Release|Any CPU
		{BEC135B2-A9D2-4542-A548-27215BAAB789}.Release|Any CPU.Build.0 = Release|Any CPU
	EndGlobalSection
	GlobalSection(SolutionProperties) = preSolution
		HideSolutionNode = FALSE
	EndGlobalSection
	GlobalSection(ExtensibilityGlobals) = postSolution
		SolutionGuid = {728846BC-DFE8-494B-A678-258B7DA36B92}
	EndGlobalSection
EndGlobal
